
Microsoft Visual Studio Solution File, Format Version 12.00
# Visual Studio Version 17
VisualStudioVersion = 17.14.36623.8
MinimumVisualStudioVersion = 10.0.40219.1
Project("{2150E333-8FDC-42A3-9474-1A3956D46DE8}") = "1. Presentation", "1. Presentation", "{02EA681E-C7D8-13C7-8484-4AC65E1B71E8}"
EndProject
Project("{2150E333-8FDC-42A3-9474-1A3956D46DE8}") = "2. Application", "2. Application", "{5E5D890D-63DD-4C06-849B-6B5F41D7ECF7}"
EndProject
Project("{2150E333-8FDC-42A3-9474-1A3956D46DE8}") = "3. Domain", "3. Domain", "{E7028C71-6FA2-4C73-B1E4-FE177CB07C41}"
EndProject
Project("{2150E333-8FDC-42A3-9474-1A3956D46DE8}") = "4. Infraestructure", "4. Infraestructure", "{0372B0D9-30B9-46C6-ABF5-20BFEF1A70EB}"
EndProject
Project("{2150E333-8FDC-42A3-9474-1A3956D46DE8}") = "5. Tests", "5. Tests", "{5F9F36BC-B926-419D-B837-14A74038F71A}"
EndProject
Project("{FAE04EC0-301F-11D3-BF4B-00C04F79EFBC}") = "CadastroService.API", "CadastroService.API\CadastroService.API.csproj", "{0666819B-39F2-4903-999D-0FD9E14A9952}"
EndProject
Project("{FAE04EC0-301F-11D3-BF4B-00C04F79EFBC}") = "CadastroService.Application", "CadastroService.Application\CadastroService.Application.csproj", "{DD2BE881-ACBE-4F08-B037-C51199E53E84}"
EndProject
Project("{FAE04EC0-301F-11D3-BF4B-00C04F79EFBC}") = "CadastroService.Domain", "CadastroService.Domain\CadastroService.Domain.csproj", "{8E522539-AE72-412B-9BB9-79B6DA50BE55}"
EndProject
Project("{FAE04EC0-301F-11D3-BF4B-00C04F79EFBC}") = "CadastroService.Infraestructure", "CadastroService.Infraestructure\CadastroService.Infraestructure.csproj", "{A986371B-2EEA-4A5E-AFAD-8B03D3C8721F}"
EndProject
Project("{2150E333-8FDC-42A3-9474-1A3956D46DE8}") = "Itens de Solução", "Itens de Solução", "{380A7511-A354-6D7A-0CC0-8FA1F1BA7B6C}"
	ProjectSection(SolutionItems) = preProject
		.gitignore = .gitignore
	EndProjectSection
EndProject
Project("{FAE04EC0-301F-11D3-BF4B-00C04F79EFBC}") = "AgendamentoService.API", "AgendamentoService.API\AgendamentoService.API.csproj", "{1A12E953-66A6-4D1B-99A1-9102FA9247F7}"
EndProject
Project("{FAE04EC0-301F-11D3-BF4B-00C04F79EFBC}") = "AgendamentoService.Application", "AgendamentoService.Application\AgendamentoService.Application.csproj", "{303682A1-2427-4A2D-BFAF-1801E206FB97}"
EndProject
Project("{FAE04EC0-301F-11D3-BF4B-00C04F79EFBC}") = "AgendamentoService.Domain", "AgendamentoService.Domain\AgendamentoService.Domain.csproj", "{876C26C3-48F1-48CC-8B29-8ADB6EE6D5F9}"
EndProject
Project("{FAE04EC0-301F-11D3-BF4B-00C04F79EFBC}") = "AgendamentoService.Infraestructure", "AgendamentoService.Infraestructure\AgendamentoService.Infraestructure.csproj", "{8B210137-95F7-4AEC-89F6-5776972E3BED}"
EndProject
Project("{2150E333-8FDC-42A3-9474-1A3956D46DE8}") = "Unit", "Unit", "{BA5BD0AC-7D61-463F-9A24-B04ACC5F689D}"
EndProject
Project("{2150E333-8FDC-42A3-9474-1A3956D46DE8}") = "Integration", "Integration", "{A21C3704-CE83-40A4-9CCF-B302961C2CC3}"
EndProject
Project("{2150E333-8FDC-42A3-9474-1A3956D46DE8}") = "Functional", "Functional", "{0D4E379C-7A1F-4199-A56A-B6F14944A203}"
EndProject
Project("{2150E333-8FDC-42A3-9474-1A3956D46DE8}") = "Mutation", "Mutation", "{FED4B00B-9887-4895-B7E0-2082363A6A5E}"
EndProject
Project("{2150E333-8FDC-42A3-9474-1A3956D46DE8}") = "Fixtures", "Fixtures", "{94C89BE2-E5E4-47FF-B72C-F477FC1FB847}"
EndProject
Project("{FAE04EC0-301F-11D3-BF4B-00C04F79EFBC}") = "Unitarios", "Unitarios\Unitarios.csproj", "{142E0B01-D8DD-433B-91CC-7341E5994545}"
EndProject
Project("{FAE04EC0-301F-11D3-BF4B-00C04F79EFBC}") = "Exceptions", "Exceptions\Exceptions.csproj", "{2CB287E7-CFDE-4611-9E9E-3D2C4CECDF2C}"
EndProject
Project("{FAE04EC0-301F-11D3-BF4B-00C04F79EFBC}") = "Integration", "Integration\Integration.csproj", "{7ECCB7C8-EA7B-42BB-A003-0680AFF645F2}"
EndProject
Project("{FAE04EC0-301F-11D3-BF4B-00C04F79EFBC}") = "Testes.Funcionais", "Testes.Funcionais\Testes.Funcionais.csproj", "{A1B2C3D4-E5F6-7890-ABCD-EF1234567890}"
EndProject
Project("{2150E333-8FDC-42A3-9474-1A3956D46DE8}") = "Estructure", "Estructure", "{F867178F-5DF8-4F1E-9FB2-1F16CE22D107}"
EndProject
Global
	GlobalSection(SolutionConfigurationPlatforms) = preSolution
		Debug|Any CPU = Debug|Any CPU
		Release|Any CPU = Release|Any CPU
	EndGlobalSection
	GlobalSection(ProjectConfigurationPlatforms) = postSolution
		{0666819B-39F2-4903-999D-0FD9E14A9952}.Debug|Any CPU.ActiveCfg = Debug|Any CPU
		{0666819B-39F2-4903-999D-0FD9E14A9952}.Debug|Any CPU.Build.0 = Debug|Any CPU
		{0666819B-39F2-4903-999D-0FD9E14A9952}.Release|Any CPU.ActiveCfg = Release|Any CPU
		{0666819B-39F2-4903-999D-0FD9E14A9952}.Release|Any CPU.Build.0 = Release|Any CPU
		{DD2BE881-ACBE-4F08-B037-C51199E53E84}.Debug|Any CPU.ActiveCfg = Debug|Any CPU
		{DD2BE881-ACBE-4F08-B037-C51199E53E84}.Debug|Any CPU.Build.0 = Debug|Any CPU
		{DD2BE881-ACBE-4F08-B037-C51199E53E84}.Release|Any CPU.ActiveCfg = Release|Any CPU
		{DD2BE881-ACBE-4F08-B037-C51199E53E84}.Release|Any CPU.Build.0 = Release|Any CPU
		{8E522539-AE72-412B-9BB9-79B6DA50BE55}.Debug|Any CPU.ActiveCfg = Debug|Any CPU
		{8E522539-AE72-412B-9BB9-79B6DA50BE55}.Debug|Any CPU.Build.0 = Debug|Any CPU
		{8E522539-AE72-412B-9BB9-79B6DA50BE55}.Release|Any CPU.ActiveCfg = Release|Any CPU
		{8E522539-AE72-412B-9BB9-79B6DA50BE55}.Release|Any CPU.Build.0 = Release|Any CPU
		{A986371B-2EEA-4A5E-AFAD-8B03D3C8721F}.Debug|Any CPU.ActiveCfg = Debug|Any CPU
		{A986371B-2EEA-4A5E-AFAD-8B03D3C8721F}.Debug|Any CPU.Build.0 = Debug|Any CPU
		{A986371B-2EEA-4A5E-AFAD-8B03D3C8721F}.Release|Any CPU.ActiveCfg = Release|Any CPU
		{A986371B-2EEA-4A5E-AFAD-8B03D3C8721F}.Release|Any CPU.Build.0 = Release|Any CPU
		{1A12E953-66A6-4D1B-99A1-9102FA9247F7}.Debug|Any CPU.ActiveCfg = Debug|Any CPU
		{1A12E953-66A6-4D1B-99A1-9102FA9247F7}.Debug|Any CPU.Build.0 = Debug|Any CPU
		{1A12E953-66A6-4D1B-99A1-9102FA9247F7}.Release|Any CPU.ActiveCfg = Release|Any CPU
		{1A12E953-66A6-4D1B-99A1-9102FA9247F7}.Release|Any CPU.Build.0 = Release|Any CPU
		{303682A1-2427-4A2D-BFAF-1801E206FB97}.Debug|Any CPU.ActiveCfg = Debug|Any CPU
		{303682A1-2427-4A2D-BFAF-1801E206FB97}.Debug|Any CPU.Build.0 = Debug|Any CPU
		{303682A1-2427-4A2D-BFAF-1801E206FB97}.Release|Any CPU.ActiveCfg = Release|Any CPU
		{303682A1-2427-4A2D-BFAF-1801E206FB97}.Release|Any CPU.Build.0 = Release|Any CPU
		{876C26C3-48F1-48CC-8B29-8ADB6EE6D5F9}.Debug|Any CPU.ActiveCfg = Debug|Any CPU
		{876C26C3-48F1-48CC-8B29-8ADB6EE6D5F9}.Debug|Any CPU.Build.0 = Debug|Any CPU
		{876C26C3-48F1-48CC-8B29-8ADB6EE6D5F9}.Release|Any CPU.ActiveCfg = Release|Any CPU
		{876C26C3-48F1-48CC-8B29-8ADB6EE6D5F9}.Release|Any CPU.Build.0 = Release|Any CPU
		{8B210137-95F7-4AEC-89F6-5776972E3BED}.Debug|Any CPU.ActiveCfg = Debug|Any CPU
		{8B210137-95F7-4AEC-89F6-5776972E3BED}.Debug|Any CPU.Build.0 = Debug|Any CPU
		{8B210137-95F7-4AEC-89F6-5776972E3BED}.Release|Any CPU.ActiveCfg = Release|Any CPU
		{8B210137-95F7-4AEC-89F6-5776972E3BED}.Release|Any CPU.Build.0 = Release|Any CPU
		{142E0B01-D8DD-433B-91CC-7341E5994545}.Debug|Any CPU.ActiveCfg = Debug|Any CPU
		{142E0B01-D8DD-433B-91CC-7341E5994545}.Debug|Any CPU.Build.0 = Debug|Any CPU
		{142E0B01-D8DD-433B-91CC-7341E5994545}.Release|Any CPU.ActiveCfg = Release|Any CPU
		{142E0B01-D8DD-433B-91CC-7341E5994545}.Release|Any CPU.Build.0 = Release|Any CPU
		{2CB287E7-CFDE-4611-9E9E-3D2C4CECDF2C}.Debug|Any CPU.ActiveCfg = Debug|Any CPU
		{2CB287E7-CFDE-4611-9E9E-3D2C4CECDF2C}.Debug|Any CPU.Build.0 = Debug|Any CPU
		{2CB287E7-CFDE-4611-9E9E-3D2C4CECDF2C}.Release|Any CPU.ActiveCfg = Release|Any CPU
		{2CB287E7-CFDE-4611-9E9E-3D2C4CECDF2C}.Release|Any CPU.Build.0 = Release|Any CPU
		{7ECCB7C8-EA7B-42BB-A003-0680AFF645F2}.Debug|Any CPU.ActiveCfg = Debug|Any CPU
		{7ECCB7C8-EA7B-42BB-A003-0680AFF645F2}.Debug|Any CPU.Build.0 = Debug|Any CPU
		{7ECCB7C8-EA7B-42BB-A003-0680AFF645F2}.Release|Any CPU.ActiveCfg = Release|Any CPU
		{7ECCB7C8-EA7B-42BB-A003-0680AFF645F2}.Release|Any CPU.Build.0 = Release|Any CPU
		{A1B2C3D4-E5F6-7890-ABCD-EF1234567890}.Debug|Any CPU.ActiveCfg = Debug|Any CPU
		{A1B2C3D4-E5F6-7890-ABCD-EF1234567890}.Debug|Any CPU.Build.0 = Debug|Any CPU
		{A1B2C3D4-E5F6-7890-ABCD-EF1234567890}.Release|Any CPU.ActiveCfg = Release|Any CPU
		{A1B2C3D4-E5F6-7890-ABCD-EF1234567890}.Release|Any CPU.Build.0 = Release|Any CPU
	EndGlobalSection
	GlobalSection(SolutionProperties) = preSolution
		HideSolutionNode = FALSE
	EndGlobalSection
	GlobalSection(NestedProjects) = preSolution
		{0666819B-39F2-4903-999D-0FD9E14A9952} = {02EA681E-C7D8-13C7-8484-4AC65E1B71E8}
		{DD2BE881-ACBE-4F08-B037-C51199E53E84} = {5E5D890D-63DD-4C06-849B-6B5F41D7ECF7}
		{8E522539-AE72-412B-9BB9-79B6DA50BE55} = {E7028C71-6FA2-4C73-B1E4-FE177CB07C41}
		{A986371B-2EEA-4A5E-AFAD-8B03D3C8721F} = {0372B0D9-30B9-46C6-ABF5-20BFEF1A70EB}
		{1A12E953-66A6-4D1B-99A1-9102FA9247F7} = {02EA681E-C7D8-13C7-8484-4AC65E1B71E8}
		{303682A1-2427-4A2D-BFAF-1801E206FB97} = {5E5D890D-63DD-4C06-849B-6B5F41D7ECF7}
		{876C26C3-48F1-48CC-8B29-8ADB6EE6D5F9} = {E7028C71-6FA2-4C73-B1E4-FE177CB07C41}
		{8B210137-95F7-4AEC-89F6-5776972E3BED} = {0372B0D9-30B9-46C6-ABF5-20BFEF1A70EB}
		{BA5BD0AC-7D61-463F-9A24-B04ACC5F689D} = {5F9F36BC-B926-419D-B837-14A74038F71A}
		{A21C3704-CE83-40A4-9CCF-B302961C2CC3} = {5F9F36BC-B926-419D-B837-14A74038F71A}
		{0D4E379C-7A1F-4199-A56A-B6F14944A203} = {5F9F36BC-B926-419D-B837-14A74038F71A}
		{FED4B00B-9887-4895-B7E0-2082363A6A5E} = {5F9F36BC-B926-419D-B837-14A74038F71A}
		{94C89BE2-E5E4-47FF-B72C-F477FC1FB847} = {5F9F36BC-B926-419D-B837-14A74038F71A}
		{142E0B01-D8DD-433B-91CC-7341E5994545} = {BA5BD0AC-7D61-463F-9A24-B04ACC5F689D}
		{2CB287E7-CFDE-4611-9E9E-3D2C4CECDF2C} = {94C89BE2-E5E4-47FF-B72C-F477FC1FB847}
		{7ECCB7C8-EA7B-42BB-A003-0680AFF645F2} = {A21C3704-CE83-40A4-9CCF-B302961C2CC3}
		{A1B2C3D4-E5F6-7890-ABCD-EF1234567890} = {0D4E379C-7A1F-4199-A56A-B6F14944A203}
		{F867178F-5DF8-4F1E-9FB2-1F16CE22D107} = {5F9F36BC-B926-419D-B837-14A74038F71A}
	EndGlobalSection
	GlobalSection(ExtensibilityGlobals) = postSolution
		SolutionGuid = {CEB7BB52-0A2F-43C0-9751-0AA3B1A360FE}
	EndGlobalSection
EndGlobal
